
Microsoft Visual Studio Solution File, Format Version 12.00
# Visual Studio Version 16
VisualStudioVersion = 16.0.31129.286
MinimumVisualStudioVersion = 10.0.40219.1
Project("{FAE04EC0-301F-11D3-BF4B-00C04F79EFBC}") = "IdentityServer.AuthServer", "IdentityServer.AuthServer\IdentityServer.AuthServer.csproj", "{64F66777-6294-4007-BBA4-E61E75A15754}"
EndProject
Project("{2150E333-8FDC-42A3-9474-1A3956D46DE8}") = "WebApps", "WebApps", "{8191C48B-E4E1-40F6-9F65-01952A2187DE}"
EndProject
Project("{FAE04EC0-301F-11D3-BF4B-00C04F79EFBC}") = "IdentityServer.WebClient1", "IdentityServer.WebClient1\IdentityServer.WebClient1.csproj", "{32A8AB88-25A3-40B3-93E7-775B05EDBED6}"
EndProject
Project("{FAE04EC0-301F-11D3-BF4B-00C04F79EFBC}") = "IdentityServer.WebClient2", "IdentityServer.WebClient2\IdentityServer.WebClient2.csproj", "{83BBC9F6-5F52-4002-891F-391F32A109A1}"
EndProject
Project("{2150E333-8FDC-42A3-9474-1A3956D46DE8}") = "APIApps", "APIApps", "{5C85E9BA-7C80-43F5-9D5A-CCE3F85BF959}"
EndProject
Project("{FAE04EC0-301F-11D3-BF4B-00C04F79EFBC}") = "IdentityServer.API1", "IdentityServer.API1\IdentityServer.API1.csproj", "{8DC8A2FA-2EAC-40B3-9D8E-640DD90F8AFD}"
EndProject
Project("{FAE04EC0-301F-11D3-BF4B-00C04F79EFBC}") = "IdentityServer.API2", "IdentityServer.API2\IdentityServer.API2.csproj", "{05047238-074D-4AB6-8D7F-593260D02FFD}"
EndProject
Global
	GlobalSection(SolutionConfigurationPlatforms) = preSolution
		Debug|Any CPU = Debug|Any CPU
		Release|Any CPU = Release|Any CPU
	EndGlobalSection
	GlobalSection(ProjectConfigurationPlatforms) = postSolution
		{64F66777-6294-4007-BBA4-E61E75A15754}.Debug|Any CPU.ActiveCfg = Debug|Any CPU
		{64F66777-6294-4007-BBA4-E61E75A15754}.Debug|Any CPU.Build.0 = Debug|Any CPU
		{64F66777-6294-4007-BBA4-E61E75A15754}.Release|Any CPU.ActiveCfg = Release|Any CPU
		{64F66777-6294-4007-BBA4-E61E75A15754}.Release|Any CPU.Build.0 = Release|Any CPU
		{32A8AB88-25A3-40B3-93E7-775B05EDBED6}.Debug|Any CPU.ActiveCfg = Debug|Any CPU
		{32A8AB88-25A3-40B3-93E7-775B05EDBED6}.Debug|Any CPU.Build.0 = Debug|Any CPU
		{32A8AB88-25A3-40B3-93E7-775B05EDBED6}.Release|Any CPU.ActiveCfg = Release|Any CPU
		{32A8AB88-25A3-40B3-93E7-775B05EDBED6}.Release|Any CPU.Build.0 = Release|Any CPU
		{83BBC9F6-5F52-4002-891F-391F32A109A1}.Debug|Any CPU.ActiveCfg = Debug|Any CPU
		{83BBC9F6-5F52-4002-891F-391F32A109A1}.Debug|Any CPU.Build.0 = Debug|Any CPU
		{83BBC9F6-5F52-4002-891F-391F32A109A1}.Release|Any CPU.ActiveCfg = Release|Any CPU
		{83BBC9F6-5F52-4002-891F-391F32A109A1}.Release|Any CPU.Build.0 = Release|Any CPU
		{8DC8A2FA-2EAC-40B3-9D8E-640DD90F8AFD}.Debug|Any CPU.ActiveCfg = Debug|Any CPU
		{8DC8A2FA-2EAC-40B3-9D8E-640DD90F8AFD}.Debug|Any CPU.Build.0 = Debug|Any CPU
		{8DC8A2FA-2EAC-40B3-9D8E-640DD90F8AFD}.Release|Any CPU.ActiveCfg = Release|Any CPU
		{8DC8A2FA-2EAC-40B3-9D8E-640DD90F8AFD}.Release|Any CPU.Build.0 = Release|Any CPU
		{05047238-074D-4AB6-8D7F-593260D02FFD}.Debug|Any CPU.ActiveCfg = Debug|Any CPU
		{05047238-074D-4AB6-8D7F-593260D02FFD}.Debug|Any CPU.Build.0 = Debug|Any CPU
		{05047238-074D-4AB6-8D7F-593260D02FFD}.Release|Any CPU.ActiveCfg = Release|Any CPU
		{05047238-074D-4AB6-8D7F-593260D02FFD}.Release|Any CPU.Build.0 = Release|Any CPU
	EndGlobalSection
	GlobalSection(SolutionProperties) = preSolution
		HideSolutionNode = FALSE
	EndGlobalSection
	GlobalSection(NestedProjects) = preSolution
		{32A8AB88-25A3-40B3-93E7-775B05EDBED6} = {8191C48B-E4E1-40F6-9F65-01952A2187DE}
		{83BBC9F6-5F52-4002-891F-391F32A109A1} = {8191C48B-E4E1-40F6-9F65-01952A2187DE}
		{8DC8A2FA-2EAC-40B3-9D8E-640DD90F8AFD} = {5C85E9BA-7C80-43F5-9D5A-CCE3F85BF959}
		{05047238-074D-4AB6-8D7F-593260D02FFD} = {5C85E9BA-7C80-43F5-9D5A-CCE3F85BF959}
	EndGlobalSection
	GlobalSection(ExtensibilityGlobals) = postSolution
		SolutionGuid = {B0022AAA-3A3B-4E77-A381-91A6BA1F34A3}
	EndGlobalSection
EndGlobal
